// !$*UTF8*$!
{
	archiveVersion = 1;
	classes = {
	};
	objectVersion = 50;
	objects = {

/* Begin PBXBuildFile section */
		EBCC25802240E4BF00D6F18E /* AppDelegate.swift in Sources */ = {isa = PBXBuildFile; fileRef = EBCC257F2240E4BF00D6F18E /* AppDelegate.swift */; };
		EBCC25872240E4BF00D6F18E /* Main.storyboard in Resources */ = {isa = PBXBuildFile; fileRef = EBCC25852240E4BF00D6F18E /* Main.storyboard */; };
		EBCC25892240E4C100D6F18E /* Assets.xcassets in Resources */ = {isa = PBXBuildFile; fileRef = EBCC25882240E4C100D6F18E /* Assets.xcassets */; };
		EBCC258C2240E4C100D6F18E /* LaunchScreen.storyboard in Resources */ = {isa = PBXBuildFile; fileRef = EBCC258A2240E4C100D6F18E /* LaunchScreen.storyboard */; };
		EBCC25942240F31700D6F18E /* ListViewController.swift in Sources */ = {isa = PBXBuildFile; fileRef = EBCC25932240F31700D6F18E /* ListViewController.swift */; };
		EBCC25962240FC3B00D6F18E /* Pizza.swift in Sources */ = {isa = PBXBuildFile; fileRef = EBCC25952240FC3B00D6F18E /* Pizza.swift */; };
		EBCC25982240FD3000D6F18E /* PizzaService.swift in Sources */ = {isa = PBXBuildFile; fileRef = EBCC25972240FD3000D6F18E /* PizzaService.swift */; };
		EBCC259C2241151300D6F18E /* SearchViewController.swift in Sources */ = {isa = PBXBuildFile; fileRef = EBCC259B2241151300D6F18E /* SearchViewController.swift */; };
/* End PBXBuildFile section */

/* Begin PBXFileReference section */
		EBCC257C2240E4BF00D6F18E /* Eval_ios_App.app */ = {isa = PBXFileReference; explicitFileType = wrapper.application; includeInIndex = 0; path = Eval_ios_App.app; sourceTree = BUILT_PRODUCTS_DIR; };
		EBCC257F2240E4BF00D6F18E /* AppDelegate.swift */ = {isa = PBXFileReference; lastKnownFileType = sourcecode.swift; path = AppDelegate.swift; sourceTree = "<group>"; };
		EBCC25862240E4BF00D6F18E /* Base */ = {isa = PBXFileReference; lastKnownFileType = file.storyboard; name = Base; path = Base.lproj/Main.storyboard; sourceTree = "<group>"; };
		EBCC25882240E4C100D6F18E /* Assets.xcassets */ = {isa = PBXFileReference; lastKnownFileType = folder.assetcatalog; path = Assets.xcassets; sourceTree = "<group>"; };
		EBCC258B2240E4C100D6F18E /* Base */ = {isa = PBXFileReference; lastKnownFileType = file.storyboard; name = Base; path = Base.lproj/LaunchScreen.storyboard; sourceTree = "<group>"; };
		EBCC258D2240E4C100D6F18E /* Info.plist */ = {isa = PBXFileReference; lastKnownFileType = text.plist.xml; path = Info.plist; sourceTree = "<group>"; };
		EBCC25932240F31700D6F18E /* ListViewController.swift */ = {isa = PBXFileReference; lastKnownFileType = sourcecode.swift; path = ListViewController.swift; sourceTree = "<group>"; };
		EBCC25952240FC3B00D6F18E /* Pizza.swift */ = {isa = PBXFileReference; lastKnownFileType = sourcecode.swift; name = Pizza.swift; path = Models/Pizza.swift; sourceTree = "<group>"; };
		EBCC25972240FD3000D6F18E /* PizzaService.swift */ = {isa = PBXFileReference; lastKnownFileType = sourcecode.swift; name = PizzaService.swift; path = Models/PizzaService.swift; sourceTree = "<group>"; };
		EBCC259B2241151300D6F18E /* SearchViewController.swift */ = {isa = PBXFileReference; lastKnownFileType = sourcecode.swift; path = SearchViewController.swift; sourceTree = "<group>"; };
/* End PBXFileReference section */

/* Begin PBXFrameworksBuildPhase section */
		EBCC25792240E4BF00D6F18E /* Frameworks */ = {
			isa = PBXFrameworksBuildPhase;
			buildActionMask = 2147483647;
			files = (
			);
			runOnlyForDeploymentPostprocessing = 0;
		};
/* End PBXFrameworksBuildPhase section */

/* Begin PBXGroup section */
		EBCC25732240E4BF00D6F18E = {
			isa = PBXGroup;
			children = (
				EBCC257E2240E4BF00D6F18E /* Eval_ios_App */,
				EBCC257D2240E4BF00D6F18E /* Products */,
			);
			sourceTree = "<group>";
		};
		EBCC257D2240E4BF00D6F18E /* Products */ = {
			isa = PBXGroup;
			children = (
				EBCC257C2240E4BF00D6F18E /* Eval_ios_App.app */,
			);
			name = Products;
			sourceTree = "<group>";
		};
		EBCC257E2240E4BF00D6F18E /* Eval_ios_App */ = {
			isa = PBXGroup;
			children = (
				EBCC257F2240E4BF00D6F18E /* AppDelegate.swift */,
				EBCC25852240E4BF00D6F18E /* Main.storyboard */,
				EBCC25882240E4C100D6F18E /* Assets.xcassets */,
				EBCC258A2240E4C100D6F18E /* LaunchScreen.storyboard */,
				EBCC258D2240E4C100D6F18E /* Info.plist */,
				EBCC25932240F31700D6F18E /* ListViewController.swift */,
				EBCC25952240FC3B00D6F18E /* Pizza.swift */,
				EBCC25972240FD3000D6F18E /* PizzaService.swift */,
				EBCC259B2241151300D6F18E /* SearchViewController.swift */,
			);
			path = Eval_ios_App;
			sourceTree = "<group>";
		};
/* End PBXGroup section */

/* Begin PBXNativeTarget section */
		EBCC257B2240E4BF00D6F18E /* Eval_ios_App */ = {
			isa = PBXNativeTarget;
			buildConfigurationList = EBCC25902240E4C100D6F18E /* Build configuration list for PBXNativeTarget "Eval_ios_App" */;
			buildPhases = (
				EBCC25782240E4BF00D6F18E /* Sources */,
				EBCC25792240E4BF00D6F18E /* Frameworks */,
				EBCC257A2240E4BF00D6F18E /* Resources */,
			);
			buildRules = (
			);
			dependencies = (
			);
			name = Eval_ios_App;
			productName = Eval_ios_App;
			productReference = EBCC257C2240E4BF00D6F18E /* Eval_ios_App.app */;
			productType = "com.apple.product-type.application";
		};
/* End PBXNativeTarget section */

/* Begin PBXProject section */
		EBCC25742240E4BF00D6F18E /* Project object */ = {
			isa = PBXProject;
			attributes = {
				LastSwiftUpdateCheck = 1010;
				LastUpgradeCheck = 1010;
				ORGANIZATIONNAME = "Clement larmignat";
				TargetAttributes = {
					EBCC257B2240E4BF00D6F18E = {
						CreatedOnToolsVersion = 10.1;
					};
				};
			};
			buildConfigurationList = EBCC25772240E4BF00D6F18E /* Build configuration list for PBXProject "Eval_ios_App" */;
			compatibilityVersion = "Xcode 9.3";
			developmentRegion = en;
			hasScannedForEncodings = 0;
			knownRegions = (
				en,
				Base,
			);
			mainGroup = EBCC25732240E4BF00D6F18E;
			productRefGroup = EBCC257D2240E4BF00D6F18E /* Products */;
			projectDirPath = "";
			projectRoot = "";
			targets = (
				EBCC257B2240E4BF00D6F18E /* Eval_ios_App */,
			);
		};
/* End PBXProject section */

/* Begin PBXResourcesBuildPhase section */
		EBCC257A2240E4BF00D6F18E /* Resources */ = {
			isa = PBXResourcesBuildPhase;
			buildActionMask = 2147483647;
			files = (
				EBCC258C2240E4C100D6F18E /* LaunchScreen.storyboard in Resources */,
				EBCC25892240E4C100D6F18E /* Assets.xcassets in Resources */,
				EBCC25872240E4BF00D6F18E /* Main.storyboard in Resources */,
			);
			runOnlyForDeploymentPostprocessing = 0;
		};
/* End PBXResourcesBuildPhase section */

/* Begin PBXSourcesBuildPhase section */
		EBCC25782240E4BF00D6F18E /* Sources */ = {
			isa = PBXSourcesBuildPhase;
			buildActionMask = 2147483647;
			files = (
				EBCC259C2241151300D6F18E /* SearchViewController.swift in Sources */,
				EBCC25802240E4BF00D6F18E /* AppDelegate.swift in Sources */,
				EBCC25942240F31700D6F18E /* ListViewController.swift in Sources */,
				EBCC25962240FC3B00D6F18E /* Pizza.swift in Sources */,
				EBCC25982240FD3000D6F18E /* PizzaService.swift in Sources */,
			);
			runOnlyForDeploymentPostprocessing = 0;
		};
/* End PBXSourcesBuildPhase section */

/* Begin PBXVariantGroup section */
		EBCC25852240E4BF00D6F18E /* Main.storyboard */ = {
			isa = PBXVariantGroup;
			children = (
				EBCC25862240E4BF00D6F18E /* Base */,
			);
			name = Main.storyboard;
			sourceTree = "<group>";
		};
		EBCC258A2240E4C100D6F18E /* LaunchScreen.storyboard */ = {
			isa = PBXVariantGroup;
			children = (
				EBCC258B2240E4C100D6F18E /* Base */,
			);
			name = LaunchScreen.storyboard;
			sourceTree = "<group>";
		};
/* End PBXVariantGroup section */

/* Begin XCBuildConfiguration section */
		EBCC258E2240E4C100D6F18E /* Debug */ = {
			isa = XCBuildConfiguration;
			buildSettings = {
				ALWAYS_SEARCH_USER_PATHS = NO;
				CLANG_ANALYZER_NONNULL = YES;
				CLANG_ANALYZER_NUMBER_OBJECT_CONVERSION = YES_AGGRESSIVE;
				CLANG_CXX_LANGUAGE_STANDARD = "gnu++14";
				CLANG_CXX_LIBRARY = "libc++";
				CLANG_ENABLE_MODULES = YES;
				CLANG_ENABLE_OBJC_ARC = YES;
				CLANG_ENABLE_OBJC_WEAK = YES;
				CLANG_WARN_BLOCK_CAPTURE_AUTORELEASING = YES;
				CLANG_WARN_BOOL_CONVERSION = YES;
				CLANG_WARN_COMMA = YES;
				CLANG_WARN_CONSTANT_CONVERSION = YES;
				CLANG_WARN_DEPRECATED_OBJC_IMPLEMENTATIONS = YES;
				CLANG_WARN_DIRECT_OBJC_ISA_USAGE = YES_ERROR;
				CLANG_WARN_DOCUMENTATION_COMMENTS = YES;
				CLANG_WARN_EMPTY_BODY = YES;
				CLANG_WARN_ENUM_CONVERSION = YES;
				CLANG_WARN_INFINITE_RECURSION = YES;
				CLANG_WARN_INT_CONVERSION = YES;
				CLANG_WARN_NON_LITERAL_NULL_CONVERSION = YES;
				CLANG_WARN_OBJC_IMPLICIT_RETAIN_SELF = YES;
				CLANG_WARN_OBJC_LITERAL_CONVERSION = YES;
				CLANG_WARN_OBJC_ROOT_CLASS = YES_ERROR;
				CLANG_WARN_RANGE_LOOP_ANALYSIS = YES;
				CLANG_WARN_STRICT_PROTOTYPES = YES;
				CLANG_WARN_SUSPICIOUS_MOVE = YES;
				CLANG_WARN_UNGUARDED_AVAILABILITY = YES_AGGRESSIVE;
				CLANG_WARN_UNREACHABLE_CODE = YES;
				CLANG_WARN__DUPLICATE_METHOD_MATCH = YES;
				CODE_SIGN_IDENTITY = "iPhone Developer";
				COPY_PHASE_STRIP = NO;
				DEBUG_INFORMATION_FORMAT = dwarf;
				ENABLE_STRICT_OBJC_MSGSEND = YES;
				ENABLE_TESTABILITY = YES;
				GCC_C_LANGUAGE_STANDARD = gnu11;
				GCC_DYNAMIC_NO_PIC = NO;
				GCC_NO_COMMON_BLOCKS = YES;
				GCC_OPTIMIZATION_LEVEL = 0;
				GCC_PREPROCESSOR_DEFINITIONS = (
					"DEBUG=1",
					"$(inherited)",
				);
				GCC_WARN_64_TO_32_BIT_CONVERSION = YES;
				GCC_WARN_ABOUT_RETURN_TYPE = YES_ERROR;
				GCC_WARN_UNDECLARED_SELECTOR = YES;
				GCC_WARN_UNINITIALIZED_AUTOS = YES_AGGRESSIVE;
				GCC_WARN_UNUSED_FUNCTION = YES;
				GCC_WARN_UNUSED_VARIABLE = YES;
				IPHONEOS_DEPLOYMENT_TARGET = 12.1;
				MTL_ENABLE_DEBUG_INFO = INCLUDE_SOURCE;
				MTL_FAST_MATH = YES;
				ONLY_ACTIVE_ARCH = YES;
				SDKROOT = iphoneos;
				SWIFT_ACTIVE_COMPILATION_CONDITIONS = DEBUG;
				SWIFT_OPTIMIZATION_LEVEL = "-Onone";
			};
			name = Debug;
		};
		EBCC258F2240E4C100D6F18E /* Release */ = {
			isa = XCBuildConfiguration;
			buildSettings = {
				ALWAYS_SEARCH_USER_PATHS = NO;
				CLANG_ANALYZER_NONNULL = YES;
				CLANG_ANALYZER_NUMBER_OBJECT_CONVERSION = YES_AGGRESSIVE;
				CLANG_CXX_LANGUAGE_STANDARD = "gnu++14";
				CLANG_CXX_LIBRARY = "libc++";
				CLANG_ENABLE_MODULES = YES;
				CLANG_ENABLE_OBJC_ARC = YES;
				CLANG_ENABLE_OBJC_WEAK = YES;
				CLANG_WARN_BLOCK_CAPTURE_AUTORELEASING = YES;
				CLANG_WARN_BOOL_CONVERSION = YES;
				CLANG_WARN_COMMA = YES;
				CLANG_WARN_CONSTANT_CONVERSION = YES;
				CLANG_WARN_DEPRECATED_OBJC_IMPLEMENTATIONS = YES;
				CLANG_WARN_DIRECT_OBJC_ISA_USAGE = YES_ERROR;
				CLANG_WARN_DOCUMENTATION_COMMENTS = YES;
				CLANG_WARN_EMPTY_BODY = YES;
				CLANG_WARN_ENUM_CONVERSION = YES;
				CLANG_WARN_INFINITE_RECURSION = YES;
				CLANG_WARN_INT_CONVERSION = YES;
				CLANG_WARN_NON_LITERAL_NULL_CONVERSION = YES;
				CLANG_WARN_OBJC_IMPLICIT_RETAIN_SELF = YES;
				CLANG_WARN_OBJC_LITERAL_CONVERSION = YES;
				CLANG_WARN_OBJC_ROOT_CLASS = YES_ERROR;
				CLANG_WARN_RANGE_LOOP_ANALYSIS = YES;
				CLANG_WARN_STRICT_PROTOTYPES = YES;
				CLANG_WARN_SUSPICIOUS_MOVE = YES;
				CLANG_WARN_UNGUARDED_AVAILABILITY = YES_AGGRESSIVE;
				CLANG_WARN_UNREACHABLE_CODE = YES;
				CLANG_WARN__DUPLICATE_METHOD_MATCH = YES;
				CODE_SIGN_IDENTITY = "iPhone Developer";
				COPY_PHASE_STRIP = NO;
				DEBUG_INFORMATION_FORMAT = "dwarf-with-dsym";
				ENABLE_NS_ASSERTIONS = NO;
				ENABLE_STRICT_OBJC_MSGSEND = YES;
				GCC_C_LANGUAGE_STANDARD = gnu11;
				GCC_NO_COMMON_BLOCKS = YES;
				GCC_WARN_64_TO_32_BIT_CONVERSION = YES;
				GCC_WARN_ABOUT_RETURN_TYPE = YES_ERROR;
				GCC_WARN_UNDECLARED_SELECTOR = YES;
				GCC_WARN_UNINITIALIZED_AUTOS = YES_AGGRESSIVE;
				GCC_WARN_UNUSED_FUNCTION = YES;
				GCC_WARN_UNUSED_VARIABLE = YES;
				IPHONEOS_DEPLOYMENT_TARGET = 12.1;
				MTL_ENABLE_DEBUG_INFO = NO;
				MTL_FAST_MATH = YES;
				SDKROOT = iphoneos;
				SWIFT_COMPILATION_MODE = wholemodule;
				SWIFT_OPTIMIZATION_LEVEL = "-O";
				VALIDATE_PRODUCT = YES;
			};
			name = Release;
		};
		EBCC25912240E4C100D6F18E /* Debug */ = {
			isa = XCBuildConfiguration;
			buildSettings = {
				ASSETCATALOG_COMPILER_APPICON_NAME = AppIcon;
				CODE_SIGN_STYLE = Automatic;
				DEVELOPMENT_TEAM = 6S7ACUKZD9;
				INFOPLIST_FILE = Eval_ios_App/Info.plist;
				LD_RUNPATH_SEARCH_PATHS = (
					"$(inherited)",
					"@executable_path/Frameworks",
				);
				PRODUCT_BUNDLE_IDENTIFIER = "fr.larmignatclement.Eval-ios-App";
				PRODUCT_NAME = "$(TARGET_NAME)";
				SWIFT_VERSION = 4.2;
				TARGETED_DEVICE_FAMILY = "1,2";
			};
			name = Debug;
		};
		EBCC25922240E4C100D6F18E /* Release */ = {
			isa = XCBuildConfiguration;
			buildSettings = {
				ASSETCATALOG_COMPILER_APPICON_NAME = AppIcon;
				CODE_SIGN_STYLE = Automatic;
				DEVELOPMENT_TEAM = 6S7ACUKZD9;
				INFOPLIST_FILE = Eval_ios_App/Info.plist;
				LD_RUNPATH_SEARCH_PATHS = (
					"$(inherited)",
					"@executable_path/Frameworks",
				);
				PRODUCT_BUNDLE_IDENTIFIER = "fr.larmignatclement.Eval-ios-App";
				PRODUCT_NAME = "$(TARGET_NAME)";
				SWIFT_VERSION = 4.2;
				TARGETED_DEVICE_FAMILY = "1,2";
			};
			name = Release;
		};
/* End XCBuildConfiguration section */

/* Begin XCConfigurationList section */
		EBCC25772240E4BF00D6F18E /* Build configuration list for PBXProject "Eval_ios_App" */ = {
			isa = XCConfigurationList;
			buildConfigurations = (
				EBCC258E2240E4C100D6F18E /* Debug */,
				EBCC258F2240E4C100D6F18E /* Release */,
			);
			defaultConfigurationIsVisible = 0;
			defaultConfigurationName = Release;
		};
		EBCC25902240E4C100D6F18E /* Build configuration list for PBXNativeTarget "Eval_ios_App" */ = {
			isa = XCConfigurationList;
			buildConfigurations = (
				EBCC25912240E4C100D6F18E /* Debug */,
				EBCC25922240E4C100D6F18E /* Release */,
			);
			defaultConfigurationIsVisible = 0;
			defaultConfigurationName = Release;
		};
/* End XCConfigurationList section */
	};
	rootObject = EBCC25742240E4BF00D6F18E /* Project object */;
}
